// !$*UTF8*$!
{
	archiveVersion = 1;
	classes = {
	};
	objectVersion = 46;
	objects = {

/* Begin PBXBuildFile section */
		5D9EA0D01E1C80BD00EDC645 /* TabBarRootThreeViewController.swift in Sources */ = {isa = PBXBuildFile; fileRef = 5D9EA0CF1E1C80BD00EDC645 /* TabBarRootThreeViewController.swift */; };
		5D9EA11B1E1DE19600EDC645 /* AppController.swift in Sources */ = {isa = PBXBuildFile; fileRef = 5D9EA11A1E1DE19600EDC645 /* AppController.swift */; };
		5D9EA1201E20000F00EDC645 /* IBFromViewController.swift in Sources */ = {isa = PBXBuildFile; fileRef = 5D9EA11F1E20000F00EDC645 /* IBFromViewController.swift */; };
		5D9EA1221E20002400EDC645 /* IBToViewController.swift in Sources */ = {isa = PBXBuildFile; fileRef = 5D9EA1211E20002400EDC645 /* IBToViewController.swift */; };
		5D9EA1261E2002EA00EDC645 /* IBAppController.swift in Sources */ = {isa = PBXBuildFile; fileRef = 5D9EA1251E2002EA00EDC645 /* IBAppController.swift */; };
		5D9EA1291E200E9500EDC645 /* IBNavRootViewController.swift in Sources */ = {isa = PBXBuildFile; fileRef = 5D9EA1281E200E9500EDC645 /* IBNavRootViewController.swift */; };
		5D9EA12B1E200EAE00EDC645 /* IBNavStackViewController.swift in Sources */ = {isa = PBXBuildFile; fileRef = 5D9EA12A1E200EAE00EDC645 /* IBNavStackViewController.swift */; };
		5D9EA12E1E20126700EDC645 /* IBTabBarRootOneViewController.swift in Sources */ = {isa = PBXBuildFile; fileRef = 5D9EA12D1E20126700EDC645 /* IBTabBarRootOneViewController.swift */; };
		5D9EA1301E20127D00EDC645 /* IBTabBarRootTwoViewController.swift in Sources */ = {isa = PBXBuildFile; fileRef = 5D9EA12F1E20127D00EDC645 /* IBTabBarRootTwoViewController.swift */; };
		5D9EA1321E20128C00EDC645 /* IBTabBarRootThreeViewController.swift in Sources */ = {isa = PBXBuildFile; fileRef = 5D9EA1311E20128C00EDC645 /* IBTabBarRootThreeViewController.swift */; };
		5DC7367C1E1B423900FF0EC7 /* AppDelegate.swift in Sources */ = {isa = PBXBuildFile; fileRef = 5DC7367B1E1B423900FF0EC7 /* AppDelegate.swift */; };
		5DC736811E1B423900FF0EC7 /* Main.storyboard in Resources */ = {isa = PBXBuildFile; fileRef = 5DC7367F1E1B423900FF0EC7 /* Main.storyboard */; };
		5DC736831E1B423900FF0EC7 /* Assets.xcassets in Resources */ = {isa = PBXBuildFile; fileRef = 5DC736821E1B423900FF0EC7 /* Assets.xcassets */; };
		5DC736861E1B423900FF0EC7 /* LaunchScreen.storyboard in Resources */ = {isa = PBXBuildFile; fileRef = 5DC736841E1B423900FF0EC7 /* LaunchScreen.storyboard */; };
		5DC736941E1B428D00FF0EC7 /* FromViewController.swift in Sources */ = {isa = PBXBuildFile; fileRef = 5DC7368D1E1B428D00FF0EC7 /* FromViewController.swift */; };
		5DC736951E1B428D00FF0EC7 /* ToViewController.swift in Sources */ = {isa = PBXBuildFile; fileRef = 5DC7368E1E1B428D00FF0EC7 /* ToViewController.swift */; };
		5DC736961E1B428D00FF0EC7 /* NavRootViewController.swift in Sources */ = {isa = PBXBuildFile; fileRef = 5DC7368F1E1B428D00FF0EC7 /* NavRootViewController.swift */; };
		5DC736971E1B428D00FF0EC7 /* NavStackViewController.swift in Sources */ = {isa = PBXBuildFile; fileRef = 5DC736901E1B428D00FF0EC7 /* NavStackViewController.swift */; };
		5DC736981E1B428D00FF0EC7 /* FTBAnimationController.swift in Sources */ = {isa = PBXBuildFile; fileRef = 5DC736911E1B428D00FF0EC7 /* FTBAnimationController.swift */; };
		5DC7369A1E1B428D00FF0EC7 /* FTBExtensions.swift in Sources */ = {isa = PBXBuildFile; fileRef = 5DC736931E1B428D00FF0EC7 /* FTBExtensions.swift */; };
		5DC736A01E1B5F4800FF0EC7 /* TabBarRootOneViewController.swift in Sources */ = {isa = PBXBuildFile; fileRef = 5DC7369F1E1B5F4800FF0EC7 /* TabBarRootOneViewController.swift */; };
		5DC736A21E1B5F5B00FF0EC7 /* TabBarRootTwoViewController.swift in Sources */ = {isa = PBXBuildFile; fileRef = 5DC736A11E1B5F5B00FF0EC7 /* TabBarRootTwoViewController.swift */; };
/* End PBXBuildFile section */

/* Begin PBXFileReference section */
		5D9EA0CF1E1C80BD00EDC645 /* TabBarRootThreeViewController.swift */ = {isa = PBXFileReference; fileEncoding = 4; lastKnownFileType = sourcecode.swift; path = TabBarRootThreeViewController.swift; sourceTree = "<group>"; };
		5D9EA11A1E1DE19600EDC645 /* AppController.swift */ = {isa = PBXFileReference; fileEncoding = 4; lastKnownFileType = sourcecode.swift; path = AppController.swift; sourceTree = "<group>"; };
		5D9EA11F1E20000F00EDC645 /* IBFromViewController.swift */ = {isa = PBXFileReference; fileEncoding = 4; lastKnownFileType = sourcecode.swift; path = IBFromViewController.swift; sourceTree = "<group>"; };
		5D9EA1211E20002400EDC645 /* IBToViewController.swift */ = {isa = PBXFileReference; fileEncoding = 4; lastKnownFileType = sourcecode.swift; path = IBToViewController.swift; sourceTree = "<group>"; };
		5D9EA1251E2002EA00EDC645 /* IBAppController.swift */ = {isa = PBXFileReference; fileEncoding = 4; lastKnownFileType = sourcecode.swift; path = IBAppController.swift; sourceTree = "<group>"; };
		5D9EA1281E200E9500EDC645 /* IBNavRootViewController.swift */ = {isa = PBXFileReference; fileEncoding = 4; lastKnownFileType = sourcecode.swift; path = IBNavRootViewController.swift; sourceTree = "<group>"; };
		5D9EA12A1E200EAE00EDC645 /* IBNavStackViewController.swift */ = {isa = PBXFileReference; fileEncoding = 4; lastKnownFileType = sourcecode.swift; path = IBNavStackViewController.swift; sourceTree = "<group>"; };
		5D9EA12D1E20126700EDC645 /* IBTabBarRootOneViewController.swift */ = {isa = PBXFileReference; fileEncoding = 4; lastKnownFileType = sourcecode.swift; path = IBTabBarRootOneViewController.swift; sourceTree = "<group>"; };
		5D9EA12F1E20127D00EDC645 /* IBTabBarRootTwoViewController.swift */ = {isa = PBXFileReference; fileEncoding = 4; lastKnownFileType = sourcecode.swift; path = IBTabBarRootTwoViewController.swift; sourceTree = "<group>"; };
		5D9EA1311E20128C00EDC645 /* IBTabBarRootThreeViewController.swift */ = {isa = PBXFileReference; fileEncoding = 4; lastKnownFileType = sourcecode.swift; path = IBTabBarRootThreeViewController.swift; sourceTree = "<group>"; };
		5DC736781E1B423900FF0EC7 /* FlipTheBlinds.app */ = {isa = PBXFileReference; explicitFileType = wrapper.application; includeInIndex = 0; path = FlipTheBlinds.app; sourceTree = BUILT_PRODUCTS_DIR; };
		5DC7367B1E1B423900FF0EC7 /* AppDelegate.swift */ = {isa = PBXFileReference; lastKnownFileType = sourcecode.swift; path = AppDelegate.swift; sourceTree = "<group>"; };
		5DC736801E1B423900FF0EC7 /* Base */ = {isa = PBXFileReference; lastKnownFileType = file.storyboard; name = Base; path = Base.lproj/Main.storyboard; sourceTree = "<group>"; };
		5DC736821E1B423900FF0EC7 /* Assets.xcassets */ = {isa = PBXFileReference; lastKnownFileType = folder.assetcatalog; path = Assets.xcassets; sourceTree = "<group>"; };
		5DC736851E1B423900FF0EC7 /* Base */ = {isa = PBXFileReference; lastKnownFileType = file.storyboard; name = Base; path = Base.lproj/LaunchScreen.storyboard; sourceTree = "<group>"; };
		5DC736871E1B423900FF0EC7 /* Info.plist */ = {isa = PBXFileReference; lastKnownFileType = text.plist.xml; path = Info.plist; sourceTree = "<group>"; };
		5DC7368D1E1B428D00FF0EC7 /* FromViewController.swift */ = {isa = PBXFileReference; fileEncoding = 4; lastKnownFileType = sourcecode.swift; path = FromViewController.swift; sourceTree = "<group>"; };
		5DC7368E1E1B428D00FF0EC7 /* ToViewController.swift */ = {isa = PBXFileReference; fileEncoding = 4; lastKnownFileType = sourcecode.swift; path = ToViewController.swift; sourceTree = "<group>"; };
		5DC7368F1E1B428D00FF0EC7 /* NavRootViewController.swift */ = {isa = PBXFileReference; fileEncoding = 4; lastKnownFileType = sourcecode.swift; path = NavRootViewController.swift; sourceTree = "<group>"; };
		5DC736901E1B428D00FF0EC7 /* NavStackViewController.swift */ = {isa = PBXFileReference; fileEncoding = 4; lastKnownFileType = sourcecode.swift; path = NavStackViewController.swift; sourceTree = "<group>"; };
		5DC736911E1B428D00FF0EC7 /* FTBAnimationController.swift */ = {isa = PBXFileReference; fileEncoding = 4; lastKnownFileType = sourcecode.swift; path = FTBAnimationController.swift; sourceTree = "<group>"; };
		5DC736931E1B428D00FF0EC7 /* FTBExtensions.swift */ = {isa = PBXFileReference; fileEncoding = 4; lastKnownFileType = sourcecode.swift; path = FTBExtensions.swift; sourceTree = "<group>"; };
		5DC7369F1E1B5F4800FF0EC7 /* TabBarRootOneViewController.swift */ = {isa = PBXFileReference; fileEncoding = 4; lastKnownFileType = sourcecode.swift; path = TabBarRootOneViewController.swift; sourceTree = "<group>"; };
		5DC736A11E1B5F5B00FF0EC7 /* TabBarRootTwoViewController.swift */ = {isa = PBXFileReference; fileEncoding = 4; lastKnownFileType = sourcecode.swift; path = TabBarRootTwoViewController.swift; sourceTree = "<group>"; };
/* End PBXFileReference section */

/* Begin PBXFrameworksBuildPhase section */
		5DC736751E1B423900FF0EC7 /* Frameworks */ = {
			isa = PBXFrameworksBuildPhase;
			buildActionMask = 2147483647;
			files = (
			);
			runOnlyForDeploymentPostprocessing = 0;
		};
/* End PBXFrameworksBuildPhase section */

/* Begin PBXGroup section */
		5D9EA11C1E1F71E200EDC645 /* Demo */ = {
			isa = PBXGroup;
			children = (
				5D9EA11D1E1FFEDF00EDC645 /* Programmatic */,
				5D9EA11E1E1FFF4600EDC645 /* Interface Builder */,
			);
			name = Demo;
			sourceTree = "<group>";
		};
		5D9EA11D1E1FFEDF00EDC645 /* Programmatic */ = {
			isa = PBXGroup;
			children = (
				5D9EA11A1E1DE19600EDC645 /* AppController.swift */,
				5DC7369B1E1B429F00FF0EC7 /* Modal */,
				5DC7369C1E1B42B600FF0EC7 /* Nav */,
				5DC7369E1E1B5EF900FF0EC7 /* Tab */,
			);
			name = Programmatic;
			sourceTree = "<group>";
		};
		5D9EA11E1E1FFF4600EDC645 /* Interface Builder */ = {
			isa = PBXGroup;
			children = (
				5D9EA1251E2002EA00EDC645 /* IBAppController.swift */,
				5DC7367F1E1B423900FF0EC7 /* Main.storyboard */,
				5D9EA1271E200E5C00EDC645 /* Modal */,
				5D9EA12C1E200EBF00EDC645 /* Nav */,
				5D9EA1331E2012F100EDC645 /* Tab */,
			);
			name = "Interface Builder";
			sourceTree = "<group>";
		};
		5D9EA1271E200E5C00EDC645 /* Modal */ = {
			isa = PBXGroup;
			children = (
				5D9EA11F1E20000F00EDC645 /* IBFromViewController.swift */,
				5D9EA1211E20002400EDC645 /* IBToViewController.swift */,
			);
			name = Modal;
			sourceTree = "<group>";
		};
		5D9EA12C1E200EBF00EDC645 /* Nav */ = {
			isa = PBXGroup;
			children = (
				5D9EA1281E200E9500EDC645 /* IBNavRootViewController.swift */,
				5D9EA12A1E200EAE00EDC645 /* IBNavStackViewController.swift */,
			);
			name = Nav;
			sourceTree = "<group>";
		};
		5D9EA1331E2012F100EDC645 /* Tab */ = {
			isa = PBXGroup;
			children = (
				5D9EA12D1E20126700EDC645 /* IBTabBarRootOneViewController.swift */,
				5D9EA12F1E20127D00EDC645 /* IBTabBarRootTwoViewController.swift */,
				5D9EA1311E20128C00EDC645 /* IBTabBarRootThreeViewController.swift */,
			);
			name = Tab;
			sourceTree = "<group>";
		};
		5DC7366F1E1B423900FF0EC7 = {
			isa = PBXGroup;
			children = (
				5DC7367A1E1B423900FF0EC7 /* FlipTheBlinds */,
				5DC736791E1B423900FF0EC7 /* Products */,
			);
			sourceTree = "<group>";
		};
		5DC736791E1B423900FF0EC7 /* Products */ = {
			isa = PBXGroup;
			children = (
				5DC736781E1B423900FF0EC7 /* FlipTheBlinds.app */,
			);
			name = Products;
			sourceTree = "<group>";
		};
		5DC7367A1E1B423900FF0EC7 /* FlipTheBlinds */ = {
			isa = PBXGroup;
			children = (
				5D9EA11C1E1F71E200EDC645 /* Demo */,
				5DC7369D1E1B42CC00FF0EC7 /* Pod */,
				5DC736AB1E1C3B2800FF0EC7 /* Supporting Files */,
			);
			path = FlipTheBlinds;
			sourceTree = "<group>";
		};
		5DC7369B1E1B429F00FF0EC7 /* Modal */ = {
			isa = PBXGroup;
			children = (
				5DC7368D1E1B428D00FF0EC7 /* FromViewController.swift */,
				5DC7368E1E1B428D00FF0EC7 /* ToViewController.swift */,
			);
			name = Modal;
			sourceTree = "<group>";
		};
		5DC7369C1E1B42B600FF0EC7 /* Nav */ = {
			isa = PBXGroup;
			children = (
				5DC7368F1E1B428D00FF0EC7 /* NavRootViewController.swift */,
				5DC736901E1B428D00FF0EC7 /* NavStackViewController.swift */,
			);
			name = Nav;
			sourceTree = "<group>";
		};
		5DC7369D1E1B42CC00FF0EC7 /* Pod */ = {
			isa = PBXGroup;
			children = (
				5DC736911E1B428D00FF0EC7 /* FTBAnimationController.swift */,
				5DC736931E1B428D00FF0EC7 /* FTBExtensions.swift */,
			);
			name = Pod;
			sourceTree = "<group>";
		};
		5DC7369E1E1B5EF900FF0EC7 /* Tab */ = {
			isa = PBXGroup;
			children = (
				5DC7369F1E1B5F4800FF0EC7 /* TabBarRootOneViewController.swift */,
				5DC736A11E1B5F5B00FF0EC7 /* TabBarRootTwoViewController.swift */,
				5D9EA0CF1E1C80BD00EDC645 /* TabBarRootThreeViewController.swift */,
			);
			name = Tab;
			sourceTree = "<group>";
		};
		5DC736AB1E1C3B2800FF0EC7 /* Supporting Files */ = {
			isa = PBXGroup;
			children = (
				5DC7367B1E1B423900FF0EC7 /* AppDelegate.swift */,
				5DC736871E1B423900FF0EC7 /* Info.plist */,
				5DC736821E1B423900FF0EC7 /* Assets.xcassets */,
				5DC736841E1B423900FF0EC7 /* LaunchScreen.storyboard */,
			);
			name = "Supporting Files";
			sourceTree = "<group>";
		};
/* End PBXGroup section */

/* Begin PBXNativeTarget section */
		5DC736771E1B423900FF0EC7 /* FlipTheBlinds */ = {
			isa = PBXNativeTarget;
			buildConfigurationList = 5DC7368A1E1B423900FF0EC7 /* Build configuration list for PBXNativeTarget "FlipTheBlinds" */;
			buildPhases = (
				5DC736741E1B423900FF0EC7 /* Sources */,
				5DC736751E1B423900FF0EC7 /* Frameworks */,
				5DC736761E1B423900FF0EC7 /* Resources */,
			);
			buildRules = (
			);
			dependencies = (
			);
			name = FlipTheBlinds;
			productName = FlipTheBlinds;
			productReference = 5DC736781E1B423900FF0EC7 /* FlipTheBlinds.app */;
			productType = "com.apple.product-type.application";
		};
/* End PBXNativeTarget section */

/* Begin PBXProject section */
		5DC736701E1B423900FF0EC7 /* Project object */ = {
			isa = PBXProject;
			attributes = {
				LastSwiftUpdateCheck = 0820;
				LastUpgradeCheck = 0820;
				ORGANIZATIONNAME = "Flatiron School";
				TargetAttributes = {
					5DC736771E1B423900FF0EC7 = {
						CreatedOnToolsVersion = 8.2.1;
						ProvisioningStyle = Automatic;
					};
				};
			};
			buildConfigurationList = 5DC736731E1B423900FF0EC7 /* Build configuration list for PBXProject "FlipTheBlinds" */;
			compatibilityVersion = "Xcode 3.2";
			developmentRegion = English;
			hasScannedForEncodings = 0;
			knownRegions = (
				en,
				Base,
			);
			mainGroup = 5DC7366F1E1B423900FF0EC7;
			productRefGroup = 5DC736791E1B423900FF0EC7 /* Products */;
			projectDirPath = "";
			projectRoot = "";
			targets = (
				5DC736771E1B423900FF0EC7 /* FlipTheBlinds */,
			);
		};
/* End PBXProject section */

/* Begin PBXResourcesBuildPhase section */
		5DC736761E1B423900FF0EC7 /* Resources */ = {
			isa = PBXResourcesBuildPhase;
			buildActionMask = 2147483647;
			files = (
				5DC736861E1B423900FF0EC7 /* LaunchScreen.storyboard in Resources */,
				5DC736831E1B423900FF0EC7 /* Assets.xcassets in Resources */,
				5DC736811E1B423900FF0EC7 /* Main.storyboard in Resources */,
			);
			runOnlyForDeploymentPostprocessing = 0;
		};
/* End PBXResourcesBuildPhase section */

/* Begin PBXSourcesBuildPhase section */
		5DC736741E1B423900FF0EC7 /* Sources */ = {
			isa = PBXSourcesBuildPhase;
			buildActionMask = 2147483647;
			files = (
				5DC736941E1B428D00FF0EC7 /* FromViewController.swift in Sources */,
				5D9EA1291E200E9500EDC645 /* IBNavRootViewController.swift in Sources */,
				5DC736981E1B428D00FF0EC7 /* FTBAnimationController.swift in Sources */,
				5D9EA1261E2002EA00EDC645 /* IBAppController.swift in Sources */,
				5D9EA1221E20002400EDC645 /* IBToViewController.swift in Sources */,
				5DC736A21E1B5F5B00FF0EC7 /* TabBarRootTwoViewController.swift in Sources */,
				5D9EA1201E20000F00EDC645 /* IBFromViewController.swift in Sources */,
				5DC7369A1E1B428D00FF0EC7 /* FTBExtensions.swift in Sources */,
				5D9EA1301E20127D00EDC645 /* IBTabBarRootTwoViewController.swift in Sources */,
				5DC7367C1E1B423900FF0EC7 /* AppDelegate.swift in Sources */,
				5D9EA1321E20128C00EDC645 /* IBTabBarRootThreeViewController.swift in Sources */,
				5DC736971E1B428D00FF0EC7 /* NavStackViewController.swift in Sources */,
				5D9EA12E1E20126700EDC645 /* IBTabBarRootOneViewController.swift in Sources */,
				5DC736961E1B428D00FF0EC7 /* NavRootViewController.swift in Sources */,
				5DC736A01E1B5F4800FF0EC7 /* TabBarRootOneViewController.swift in Sources */,
				5DC736951E1B428D00FF0EC7 /* ToViewController.swift in Sources */,
				5D9EA11B1E1DE19600EDC645 /* AppController.swift in Sources */,
				5D9EA12B1E200EAE00EDC645 /* IBNavStackViewController.swift in Sources */,
				5D9EA0D01E1C80BD00EDC645 /* TabBarRootThreeViewController.swift in Sources */,
			);
			runOnlyForDeploymentPostprocessing = 0;
		};
/* End PBXSourcesBuildPhase section */

/* Begin PBXVariantGroup section */
		5DC7367F1E1B423900FF0EC7 /* Main.storyboard */ = {
			isa = PBXVariantGroup;
			children = (
				5DC736801E1B423900FF0EC7 /* Base */,
			);
			name = Main.storyboard;
			sourceTree = "<group>";
		};
		5DC736841E1B423900FF0EC7 /* LaunchScreen.storyboard */ = {
			isa = PBXVariantGroup;
			children = (
				5DC736851E1B423900FF0EC7 /* Base */,
			);
			name = LaunchScreen.storyboard;
			sourceTree = "<group>";
		};
/* End PBXVariantGroup section */

/* Begin XCBuildConfiguration section */
		5DC736881E1B423900FF0EC7 /* Debug */ = {
			isa = XCBuildConfiguration;
			buildSettings = {
				ALWAYS_SEARCH_USER_PATHS = NO;
				CLANG_ANALYZER_NONNULL = YES;
				CLANG_CXX_LANGUAGE_STANDARD = "gnu++0x";
				CLANG_CXX_LIBRARY = "libc++";
				CLANG_ENABLE_MODULES = YES;
				CLANG_ENABLE_OBJC_ARC = YES;
				CLANG_WARN_BOOL_CONVERSION = YES;
				CLANG_WARN_CONSTANT_CONVERSION = YES;
				CLANG_WARN_DIRECT_OBJC_ISA_USAGE = YES_ERROR;
				CLANG_WARN_DOCUMENTATION_COMMENTS = YES;
				CLANG_WARN_EMPTY_BODY = YES;
				CLANG_WARN_ENUM_CONVERSION = YES;
				CLANG_WARN_INFINITE_RECURSION = YES;
				CLANG_WARN_INT_CONVERSION = YES;
				CLANG_WARN_OBJC_ROOT_CLASS = YES_ERROR;
				CLANG_WARN_SUSPICIOUS_MOVE = YES;
				CLANG_WARN_UNREACHABLE_CODE = YES;
				CLANG_WARN__DUPLICATE_METHOD_MATCH = YES;
				"CODE_SIGN_IDENTITY[sdk=iphoneos*]" = "iPhone Developer";
				COPY_PHASE_STRIP = NO;
				DEBUG_INFORMATION_FORMAT = dwarf;
				ENABLE_STRICT_OBJC_MSGSEND = YES;
				ENABLE_TESTABILITY = YES;
				GCC_C_LANGUAGE_STANDARD = gnu99;
				GCC_DYNAMIC_NO_PIC = NO;
				GCC_NO_COMMON_BLOCKS = YES;
				GCC_OPTIMIZATION_LEVEL = 0;
				GCC_PREPROCESSOR_DEFINITIONS = (
					"DEBUG=1",
					"$(inherited)",
				);
				GCC_WARN_64_TO_32_BIT_CONVERSION = YES;
				GCC_WARN_ABOUT_RETURN_TYPE = YES_ERROR;
				GCC_WARN_UNDECLARED_SELECTOR = YES;
				GCC_WARN_UNINITIALIZED_AUTOS = YES_AGGRESSIVE;
				GCC_WARN_UNUSED_FUNCTION = YES;
				GCC_WARN_UNUSED_VARIABLE = YES;
				IPHONEOS_DEPLOYMENT_TARGET = 10.0;
				MTL_ENABLE_DEBUG_INFO = YES;
				ONLY_ACTIVE_ARCH = YES;
				SDKROOT = iphoneos;
				SWIFT_ACTIVE_COMPILATION_CONDITIONS = DEBUG;
				SWIFT_OPTIMIZATION_LEVEL = "-Onone";
			};
			name = Debug;
		};
		5DC736891E1B423900FF0EC7 /* Release */ = {
			isa = XCBuildConfiguration;
			buildSettings = {
				ALWAYS_SEARCH_USER_PATHS = NO;
				CLANG_ANALYZER_NONNULL = YES;
				CLANG_CXX_LANGUAGE_STANDARD = "gnu++0x";
				CLANG_CXX_LIBRARY = "libc++";
				CLANG_ENABLE_MODULES = YES;
				CLANG_ENABLE_OBJC_ARC = YES;
				CLANG_WARN_BOOL_CONVERSION = YES;
				CLANG_WARN_CONSTANT_CONVERSION = YES;
				CLANG_WARN_DIRECT_OBJC_ISA_USAGE = YES_ERROR;
				CLANG_WARN_DOCUMENTATION_COMMENTS = YES;
				CLANG_WARN_EMPTY_BODY = YES;
				CLANG_WARN_ENUM_CONVERSION = YES;
				CLANG_WARN_INFINITE_RECURSION = YES;
				CLANG_WARN_INT_CONVERSION = YES;
				CLANG_WARN_OBJC_ROOT_CLASS = YES_ERROR;
				CLANG_WARN_SUSPICIOUS_MOVE = YES;
				CLANG_WARN_UNREACHABLE_CODE = YES;
				CLANG_WARN__DUPLICATE_METHOD_MATCH = YES;
				"CODE_SIGN_IDENTITY[sdk=iphoneos*]" = "iPhone Developer";
				COPY_PHASE_STRIP = NO;
				DEBUG_INFORMATION_FORMAT = "dwarf-with-dsym";
				ENABLE_NS_ASSERTIONS = NO;
				ENABLE_STRICT_OBJC_MSGSEND = YES;
				GCC_C_LANGUAGE_STANDARD = gnu99;
				GCC_NO_COMMON_BLOCKS = YES;
				GCC_WARN_64_TO_32_BIT_CONVERSION = YES;
				GCC_WARN_ABOUT_RETURN_TYPE = YES_ERROR;
				GCC_WARN_UNDECLARED_SELECTOR = YES;
				GCC_WARN_UNINITIALIZED_AUTOS = YES_AGGRESSIVE;
				GCC_WARN_UNUSED_FUNCTION = YES;
				GCC_WARN_UNUSED_VARIABLE = YES;
				IPHONEOS_DEPLOYMENT_TARGET = 10.0;
				MTL_ENABLE_DEBUG_INFO = NO;
				SDKROOT = iphoneos;
				SWIFT_OPTIMIZATION_LEVEL = "-Owholemodule";
				VALIDATE_PRODUCT = YES;
			};
			name = Release;
		};
		5DC7368B1E1B423900FF0EC7 /* Debug */ = {
			isa = XCBuildConfiguration;
			buildSettings = {
				ASSETCATALOG_COMPILER_APPICON_NAME = AppIcon;
				DEVELOPMENT_TEAM = "";
				INFOPLIST_FILE = FlipTheBlinds/Info.plist;
				IPHONEOS_DEPLOYMENT_TARGET = 10.0;
				LD_RUNPATH_SEARCH_PATHS = "$(inherited) @executable_path/Frameworks";
				PRODUCT_BUNDLE_IDENTIFIER = com.craftedByCrazy.FlipTheBlinds;
				PRODUCT_NAME = "$(TARGET_NAME)";
				SWIFT_VERSION = 3.0;
			};
			name = Debug;
		};
		5DC7368C1E1B423900FF0EC7 /* Release */ = {
			isa = XCBuildConfiguration;
			buildSettings = {
				ASSETCATALOG_COMPILER_APPICON_NAME = AppIcon;
				DEVELOPMENT_TEAM = "";
				INFOPLIST_FILE = FlipTheBlinds/Info.plist;
				IPHONEOS_DEPLOYMENT_TARGET = 10.0;
				LD_RUNPATH_SEARCH_PATHS = "$(inherited) @executable_path/Frameworks";
				PRODUCT_BUNDLE_IDENTIFIER = com.craftedByCrazy.FlipTheBlinds;
				PRODUCT_NAME = "$(TARGET_NAME)";
				SWIFT_VERSION = 3.0;
			};
			name = Release;
		};
/* End XCBuildConfiguration section */

/* Begin XCConfigurationList section */
		5DC736731E1B423900FF0EC7 /* Build configuration list for PBXProject "FlipTheBlinds" */ = {
			isa = XCConfigurationList;
			buildConfigurations = (
				5DC736881E1B423900FF0EC7 /* Debug */,
				5DC736891E1B423900FF0EC7 /* Release */,
			);
			defaultConfigurationIsVisible = 0;
			defaultConfigurationName = Release;
		};
		5DC7368A1E1B423900FF0EC7 /* Build configuration list for PBXNativeTarget "FlipTheBlinds" */ = {
			isa = XCConfigurationList;
			buildConfigurations = (
				5DC7368B1E1B423900FF0EC7 /* Debug */,
				5DC7368C1E1B423900FF0EC7 /* Release */,
			);
			defaultConfigurationIsVisible = 0;
			defaultConfigurationName = Release;
		};
/* End XCConfigurationList section */
	};
	rootObject = 5DC736701E1B423900FF0EC7 /* Project object */;
}
